// !$*UTF8*$!
{
	archiveVersion = 1;
	classes = {
	};
	objectVersion = 52;
	objects = {

/* Begin PBXBuildFile section */
		9806012C2362C98200C1F6E8 /* ScrollViewTemplate.swift in Sources */ = {isa = PBXBuildFile; fileRef = 9806012B2362C98200C1F6E8 /* ScrollViewTemplate.swift */; };
		981A7597235C18B000DDB4C6 /* AppDelegate.swift in Sources */ = {isa = PBXBuildFile; fileRef = 981A7596235C18B000DDB4C6 /* AppDelegate.swift */; };
		981A7599235C18B000DDB4C6 /* SceneDelegate.swift in Sources */ = {isa = PBXBuildFile; fileRef = 981A7598235C18B000DDB4C6 /* SceneDelegate.swift */; };
		981A759B235C18B000DDB4C6 /* MainView.swift in Sources */ = {isa = PBXBuildFile; fileRef = 981A759A235C18B000DDB4C6 /* MainView.swift */; };
		981A759D235C18B300DDB4C6 /* Assets.xcassets in Resources */ = {isa = PBXBuildFile; fileRef = 981A759C235C18B300DDB4C6 /* Assets.xcassets */; };
		981A75A0235C18B300DDB4C6 /* Preview Assets.xcassets in Resources */ = {isa = PBXBuildFile; fileRef = 981A759F235C18B300DDB4C6 /* Preview Assets.xcassets */; };
		981A75A3235C18B300DDB4C6 /* LaunchScreen.storyboard in Resources */ = {isa = PBXBuildFile; fileRef = 981A75A1235C18B300DDB4C6 /* LaunchScreen.storyboard */; };
		981A75AF235C1E1800DDB4C6 /* CoursesViewModel.swift in Sources */ = {isa = PBXBuildFile; fileRef = 981A75AE235C1E1800DDB4C6 /* CoursesViewModel.swift */; };
		9822151523643EC900DE6672 /* MovieImage.swift in Sources */ = {isa = PBXBuildFile; fileRef = 9822151423643EC900DE6672 /* MovieImage.swift */; };
		9822151D2366115A00DE6672 /* ImageDataLoader.swift in Sources */ = {isa = PBXBuildFile; fileRef = 9822151C2366115A00DE6672 /* ImageDataLoader.swift */; };
		9822151F2366DD9E00DE6672 /* movieInfoBarView.swift in Sources */ = {isa = PBXBuildFile; fileRef = 9822151E2366DD9E00DE6672 /* movieInfoBarView.swift */; };
		98221521236752A600DE6672 /* String+Extension.swift in Sources */ = {isa = PBXBuildFile; fileRef = 98221520236752A600DE6672 /* String+Extension.swift */; };
		982215232367553B00DE6672 /* voteAverageView.swift in Sources */ = {isa = PBXBuildFile; fileRef = 982215222367553B00DE6672 /* voteAverageView.swift */; };
		982215262367562C00DE6672 /* MovieDetailsView.swift in Sources */ = {isa = PBXBuildFile; fileRef = 982215252367562C00DE6672 /* MovieDetailsView.swift */; };
		9822152D2367720E00DE6672 /* MoviewDetailImage.swift in Sources */ = {isa = PBXBuildFile; fileRef = 9822152C2367720E00DE6672 /* MoviewDetailImage.swift */; };
		982A16D82368C63700F1830E /* MovieDetailViewOverview.swift in Sources */ = {isa = PBXBuildFile; fileRef = 982A16D72368C63700F1830E /* MovieDetailViewOverview.swift */; };
		982A16DA2368C74200F1830E /* MovieDetailAvergaData.swift in Sources */ = {isa = PBXBuildFile; fileRef = 982A16D92368C74200F1830E /* MovieDetailAvergaData.swift */; };
		982A16DC2368C86C00F1830E /* MovieCast.swift in Sources */ = {isa = PBXBuildFile; fileRef = 982A16DB2368C86C00F1830E /* MovieCast.swift */; };
		982A16DE2368C9B600F1830E /* MovieDetailDescription.swift in Sources */ = {isa = PBXBuildFile; fileRef = 982A16DD2368C9B600F1830E /* MovieDetailDescription.swift */; };
		982A16E02368CB0D00F1830E /* MovieDetailMainContent.swift in Sources */ = {isa = PBXBuildFile; fileRef = 982A16DF2368CB0D00F1830E /* MovieDetailMainContent.swift */; };
		982A16E22368CCD200F1830E /* MovieDetailCastContent.swift in Sources */ = {isa = PBXBuildFile; fileRef = 982A16E12368CCD200F1830E /* MovieDetailCastContent.swift */; };
		982A16E42368F18D00F1830E /* MovieDetailViewModel.swift in Sources */ = {isa = PBXBuildFile; fileRef = 982A16E32368F18D00F1830E /* MovieDetailViewModel.swift */; };
		982A16E62368F5FF00F1830E /* Cast.swift in Sources */ = {isa = PBXBuildFile; fileRef = 982A16E52368F5FF00F1830E /* Cast.swift */; };
		982A16E82368FAD700F1830E /* MediaCast.swift in Sources */ = {isa = PBXBuildFile; fileRef = 982A16E72368FAD700F1830E /* MediaCast.swift */; };
		9835743C235D476A009BD51E /* MovieRow.swift in Sources */ = {isa = PBXBuildFile; fileRef = 9835743B235D476A009BD51E /* MovieRow.swift */; };
		98357449235E277C009BD51E /* NetworkCore.swift in Sources */ = {isa = PBXBuildFile; fileRef = 98357448235E277C009BD51E /* NetworkCore.swift */; };
		9835744B235E2EAC009BD51E /* RequestService.swift in Sources */ = {isa = PBXBuildFile; fileRef = 9835744A235E2EAC009BD51E /* RequestService.swift */; };
		9835744F235E3E0C009BD51E /* MainViewEndpoint.swift in Sources */ = {isa = PBXBuildFile; fileRef = 9835744E235E3E0C009BD51E /* MainViewEndpoint.swift */; };
		98357451235E3F7B009BD51E /* MainViewManager.swift in Sources */ = {isa = PBXBuildFile; fileRef = 98357450235E3F7B009BD51E /* MainViewManager.swift */; };
		98357453235E4541009BD51E /* Enviroment.swift in Sources */ = {isa = PBXBuildFile; fileRef = 98357452235E4541009BD51E /* Enviroment.swift */; };
		98357456235E882F009BD51E /* ServiceError.swift in Sources */ = {isa = PBXBuildFile; fileRef = 98357455235E882F009BD51E /* ServiceError.swift */; };
		98692BAF236E45FA004306ED /* LoginViewRequest.swift in Sources */ = {isa = PBXBuildFile; fileRef = 98692BAE236E45FA004306ED /* LoginViewRequest.swift */; };
		98692BB2236E4D18004306ED /* RequestToken.swift in Sources */ = {isa = PBXBuildFile; fileRef = 98692BB1236E4D18004306ED /* RequestToken.swift */; };
		98692BB4236E5121004306ED /* RequestSession.swift in Sources */ = {isa = PBXBuildFile; fileRef = 98692BB3236E5121004306ED /* RequestSession.swift */; };
		98692BB62370E9B8004306ED /* Credential.swift in Sources */ = {isa = PBXBuildFile; fileRef = 98692BB52370E9B8004306ED /* Credential.swift */; };
		98692BB82371E6F6004306ED /* UIApplication+Extension.swift in Sources */ = {isa = PBXBuildFile; fileRef = 98692BB72371E6F6004306ED /* UIApplication+Extension.swift */; };
		98692BBB237223F0004306ED /* LoginImageBackground.swift in Sources */ = {isa = PBXBuildFile; fileRef = 98692BBA237223F0004306ED /* LoginImageBackground.swift */; };
		98692BBD23722473004306ED /* LoginTextFieldSection.swift in Sources */ = {isa = PBXBuildFile; fileRef = 98692BBC23722473004306ED /* LoginTextFieldSection.swift */; };
		98692BC1237225E4004306ED /* RectangleTemplate.swift in Sources */ = {isa = PBXBuildFile; fileRef = 98692BC0237225E4004306ED /* RectangleTemplate.swift */; };
		98692BC323722A84004306ED /* LoginSingUpSection.swift in Sources */ = {isa = PBXBuildFile; fileRef = 98692BC223722A84004306ED /* LoginSingUpSection.swift */; };
		98692BC523723001004306ED /* EnterToAppView.swift in Sources */ = {isa = PBXBuildFile; fileRef = 98692BC423723001004306ED /* EnterToAppView.swift */; };
		98692BC72372326D004306ED /* LoginTextFieldsAndSignUpSection.swift in Sources */ = {isa = PBXBuildFile; fileRef = 98692BC62372326D004306ED /* LoginTextFieldsAndSignUpSection.swift */; };
		98692BC923724925004306ED /* TextFieldTemplate.swift in Sources */ = {isa = PBXBuildFile; fileRef = 98692BC823724925004306ED /* TextFieldTemplate.swift */; };
		98692BCB23724ACD004306ED /* SecureFieldCustom.swift in Sources */ = {isa = PBXBuildFile; fileRef = 98692BCA23724ACD004306ED /* SecureFieldCustom.swift */; };
		98692BCE237281D3004306ED /* NavigationConfiguration.swift in Sources */ = {isa = PBXBuildFile; fileRef = 98692BCD237281D3004306ED /* NavigationConfiguration.swift */; };
		98692BD623736E1E004306ED /* ProfileView.swift in Sources */ = {isa = PBXBuildFile; fileRef = 98692BD523736E1E004306ED /* ProfileView.swift */; };
		98692BDB23739002004306ED /* Profile_LateralMenu.swift in Sources */ = {isa = PBXBuildFile; fileRef = 98692BDA23739002004306ED /* Profile_LateralMenu.swift */; };
		98692BDD237391DE004306ED /* Profile_scrollView.swift in Sources */ = {isa = PBXBuildFile; fileRef = 98692BDC237391DE004306ED /* Profile_scrollView.swift */; };
		98692BE0237396CA004306ED /* ProfileViewModel.swift in Sources */ = {isa = PBXBuildFile; fileRef = 98692BDF237396CA004306ED /* ProfileViewModel.swift */; };
		98692BE523739835004306ED /* ProfileRemoteDataManager.swift in Sources */ = {isa = PBXBuildFile; fileRef = 98692BE423739835004306ED /* ProfileRemoteDataManager.swift */; };
		98692BE723739E2C004306ED /* ProfileProtocols.swift in Sources */ = {isa = PBXBuildFile; fileRef = 98692BE623739E2C004306ED /* ProfileProtocols.swift */; };
		98692BE92373A124004306ED /* Persistance.swift in Sources */ = {isa = PBXBuildFile; fileRef = 98692BE82373A124004306ED /* Persistance.swift */; };
		98692BEC2373A293004306ED /* KeychainSwift in Frameworks */ = {isa = PBXBuildFile; productRef = 98692BEB2373A293004306ED /* KeychainSwift */; };
		988CF6F6236A001D00DCBAA2 /* ScrollViewActorMovies.swift in Sources */ = {isa = PBXBuildFile; fileRef = 988CF6F5236A001D00DCBAA2 /* ScrollViewActorMovies.swift */; };
		988CF6F8236A0BB100DCBAA2 /* ActorMovieItem.swift in Sources */ = {isa = PBXBuildFile; fileRef = 988CF6F7236A0BB100DCBAA2 /* ActorMovieItem.swift */; };
		988CF6FA236A0E0E00DCBAA2 /* ActorMovieItemImage.swift in Sources */ = {isa = PBXBuildFile; fileRef = 988CF6F9236A0E0E00DCBAA2 /* ActorMovieItemImage.swift */; };
		988CF6FD236A148800DCBAA2 /* MediaActorData.swift in Sources */ = {isa = PBXBuildFile; fileRef = 988CF6FC236A148800DCBAA2 /* MediaActorData.swift */; };
		988CF6FF236A270000DCBAA2 /* MovieDetailCoverImage.swift in Sources */ = {isa = PBXBuildFile; fileRef = 988CF6FE236A270000DCBAA2 /* MovieDetailCoverImage.swift */; };
		988D5E77235EAB40000F9BF0 /* MainViewProtocols.swift in Sources */ = {isa = PBXBuildFile; fileRef = 988D5E76235EAB40000F9BF0 /* MainViewProtocols.swift */; };
		988D5E7D235ED82E000F9BF0 /* ActivityIndicator.swift in Sources */ = {isa = PBXBuildFile; fileRef = 988D5E7C235ED82E000F9BF0 /* ActivityIndicator.swift */; };
		988D5E80235F682E000F9BF0 /* Constants.swift in Sources */ = {isa = PBXBuildFile; fileRef = 988D5E7F235F682E000F9BF0 /* Constants.swift */; };
		988D5E85235FDAE9000F9BF0 /* ButtonsTemplates.swift in Sources */ = {isa = PBXBuildFile; fileRef = 988D5E84235FDAE9000F9BF0 /* ButtonsTemplates.swift */; };
		988D5E8A235FE448000F9BF0 /* Button+Extension.swift in Sources */ = {isa = PBXBuildFile; fileRef = 988D5E89235FE448000F9BF0 /* Button+Extension.swift */; };
		988D5E8C235FEDAC000F9BF0 /* SF.swift in Sources */ = {isa = PBXBuildFile; fileRef = 988D5E8B235FEDAC000F9BF0 /* SF.swift */; };
		988D5E8E235FF1BD000F9BF0 /* NavigationBarItems.swift in Sources */ = {isa = PBXBuildFile; fileRef = 988D5E8D235FF1BD000F9BF0 /* NavigationBarItems.swift */; };
		988FD7A2236968D400F2D826 /* ActorImageView.swift in Sources */ = {isa = PBXBuildFile; fileRef = 988FD7A1236968D400F2D826 /* ActorImageView.swift */; };
		988FD7A423696CC600F2D826 /* ActorDetailView.swift in Sources */ = {isa = PBXBuildFile; fileRef = 988FD7A323696CC600F2D826 /* ActorDetailView.swift */; };
		988FD7A823696E2800F2D826 /* ActorDetailViewModel.swift in Sources */ = {isa = PBXBuildFile; fileRef = 988FD7A723696E2800F2D826 /* ActorDetailViewModel.swift */; };
		988FD7AA236971F400F2D826 /* ActorAverageView.swift in Sources */ = {isa = PBXBuildFile; fileRef = 988FD7A9236971F400F2D826 /* ActorAverageView.swift */; };
		989D0224236774490017B9DC /* MoviewDetailImageBackground.swift in Sources */ = {isa = PBXBuildFile; fileRef = 989D0223236774490017B9DC /* MoviewDetailImageBackground.swift */; };
		989D022C2367E6CC0017B9DC /* GenRes.swift in Sources */ = {isa = PBXBuildFile; fileRef = 989D022B2367E6CC0017B9DC /* GenRes.swift */; };
		989D022E2367E7620017B9DC /* ProductionCompany.swift in Sources */ = {isa = PBXBuildFile; fileRef = 989D022D2367E7620017B9DC /* ProductionCompany.swift */; };
		98B669F3236918E700AF5237 /* MainViewImageItem.swift in Sources */ = {isa = PBXBuildFile; fileRef = 98B669F2236918E700AF5237 /* MainViewImageItem.swift */; };
		98B669F52369193100AF5237 /* MoviewDetailCastImage.swift in Sources */ = {isa = PBXBuildFile; fileRef = 98B669F42369193100AF5237 /* MoviewDetailCastImage.swift */; };
		98B669F8236941D400AF5237 /* MediaCastDetail.swift in Sources */ = {isa = PBXBuildFile; fileRef = 98B669F7236941D400AF5237 /* MediaCastDetail.swift */; };
		98B669FA236942AA00AF5237 /* CastDetail.swift in Sources */ = {isa = PBXBuildFile; fileRef = 98B669F9236942AA00AF5237 /* CastDetail.swift */; };
		98B669FC2369431300AF5237 /* CastData.swift in Sources */ = {isa = PBXBuildFile; fileRef = 98B669FB2369431300AF5237 /* CastData.swift */; };
		98B669FE2369449700AF5237 /* CastMovies.swift in Sources */ = {isa = PBXBuildFile; fileRef = 98B669FD2369449700AF5237 /* CastMovies.swift */; };
		98D48DB5236BC7BA0064FF4F /* LoginView.swift in Sources */ = {isa = PBXBuildFile; fileRef = 98D48DB4236BC7BA0064FF4F /* LoginView.swift */; };
		98D48DB7236BC8140064FF4F /* View+Extension.swift in Sources */ = {isa = PBXBuildFile; fileRef = 98D48DB6236BC8140064FF4F /* View+Extension.swift */; };
		98D48DB9236BCE5A0064FF4F /* LoginViewModel.swift in Sources */ = {isa = PBXBuildFile; fileRef = 98D48DB8236BCE5A0064FF4F /* LoginViewModel.swift */; };
		98D48DBE236BCF240064FF4F /* LoginRemoteDataManager.swift in Sources */ = {isa = PBXBuildFile; fileRef = 98D48DBD236BCF240064FF4F /* LoginRemoteDataManager.swift */; };
		98D48DC1236BD0960064FF4F /* AuthToken.swift in Sources */ = {isa = PBXBuildFile; fileRef = 98D48DC0236BD0960064FF4F /* AuthToken.swift */; };
		98E4F4AF23600F5A00EF56CD /* TabBarView.swift in Sources */ = {isa = PBXBuildFile; fileRef = 98E4F4AE23600F5A00EF56CD /* TabBarView.swift */; };
		98E4F4B32360207100EF56CD /* Color+Extension.swift in Sources */ = {isa = PBXBuildFile; fileRef = 98E4F4B22360207100EF56CD /* Color+Extension.swift */; };
		98E4F4B6236161E100EF56CD /* Media.swift in Sources */ = {isa = PBXBuildFile; fileRef = 98E4F4B5236161E100EF56CD /* Media.swift */; };
		98E4F4B823618BD000EF56CD /* Cache.swift in Sources */ = {isa = PBXBuildFile; fileRef = 98E4F4B723618BD000EF56CD /* Cache.swift */; };
		98E4F4DB236299BE00EF56CD /* Movies.swift in Sources */ = {isa = PBXBuildFile; fileRef = 98E4F4DA236299BE00EF56CD /* Movies.swift */; };
		98E4F4DF23629A5E00EF56CD /* Movie.swift in Sources */ = {isa = PBXBuildFile; fileRef = 98E4F4DE23629A5E00EF56CD /* Movie.swift */; };
		98FB28B42367F023001723D6 /* TextTemplate.swift in Sources */ = {isa = PBXBuildFile; fileRef = 98FB28B32367F023001723D6 /* TextTemplate.swift */; };
		98FB28B62368BDF6001723D6 /* ScrollViewCast.swift in Sources */ = {isa = PBXBuildFile; fileRef = 98FB28B52368BDF6001723D6 /* ScrollViewCast.swift */; };
/* End PBXBuildFile section */

/* Begin PBXFileReference section */
		9806012B2362C98200C1F6E8 /* ScrollViewTemplate.swift */ = {isa = PBXFileReference; lastKnownFileType = sourcecode.swift; path = ScrollViewTemplate.swift; sourceTree = "<group>"; };
		981A7593235C18B000DDB4C6 /* SwiftUIMVVM.app */ = {isa = PBXFileReference; explicitFileType = wrapper.application; includeInIndex = 0; path = SwiftUIMVVM.app; sourceTree = BUILT_PRODUCTS_DIR; };
		981A7596235C18B000DDB4C6 /* AppDelegate.swift */ = {isa = PBXFileReference; lastKnownFileType = sourcecode.swift; path = AppDelegate.swift; sourceTree = "<group>"; };
		981A7598235C18B000DDB4C6 /* SceneDelegate.swift */ = {isa = PBXFileReference; lastKnownFileType = sourcecode.swift; path = SceneDelegate.swift; sourceTree = "<group>"; };
		981A759A235C18B000DDB4C6 /* MainView.swift */ = {isa = PBXFileReference; lastKnownFileType = sourcecode.swift; path = MainView.swift; sourceTree = "<group>"; };
		981A759C235C18B300DDB4C6 /* Assets.xcassets */ = {isa = PBXFileReference; lastKnownFileType = folder.assetcatalog; path = Assets.xcassets; sourceTree = "<group>"; };
		981A759F235C18B300DDB4C6 /* Preview Assets.xcassets */ = {isa = PBXFileReference; lastKnownFileType = folder.assetcatalog; path = "Preview Assets.xcassets"; sourceTree = "<group>"; };
		981A75A2235C18B300DDB4C6 /* Base */ = {isa = PBXFileReference; lastKnownFileType = file.storyboard; name = Base; path = Base.lproj/LaunchScreen.storyboard; sourceTree = "<group>"; };
		981A75A4235C18B300DDB4C6 /* Info.plist */ = {isa = PBXFileReference; lastKnownFileType = text.plist.xml; path = Info.plist; sourceTree = "<group>"; };
		981A75AE235C1E1800DDB4C6 /* CoursesViewModel.swift */ = {isa = PBXFileReference; lastKnownFileType = sourcecode.swift; path = CoursesViewModel.swift; sourceTree = "<group>"; };
		9822151423643EC900DE6672 /* MovieImage.swift */ = {isa = PBXFileReference; lastKnownFileType = sourcecode.swift; path = MovieImage.swift; sourceTree = "<group>"; };
		9822151C2366115A00DE6672 /* ImageDataLoader.swift */ = {isa = PBXFileReference; lastKnownFileType = sourcecode.swift; path = ImageDataLoader.swift; sourceTree = "<group>"; };
		9822151E2366DD9E00DE6672 /* movieInfoBarView.swift */ = {isa = PBXFileReference; lastKnownFileType = sourcecode.swift; path = movieInfoBarView.swift; sourceTree = "<group>"; };
		98221520236752A600DE6672 /* String+Extension.swift */ = {isa = PBXFileReference; lastKnownFileType = sourcecode.swift; path = "String+Extension.swift"; sourceTree = "<group>"; };
		982215222367553B00DE6672 /* voteAverageView.swift */ = {isa = PBXFileReference; lastKnownFileType = sourcecode.swift; path = voteAverageView.swift; sourceTree = "<group>"; };
		982215252367562C00DE6672 /* MovieDetailsView.swift */ = {isa = PBXFileReference; lastKnownFileType = sourcecode.swift; path = MovieDetailsView.swift; sourceTree = "<group>"; };
		9822152C2367720E00DE6672 /* MoviewDetailImage.swift */ = {isa = PBXFileReference; lastKnownFileType = sourcecode.swift; path = MoviewDetailImage.swift; sourceTree = "<group>"; };
		982A16D72368C63700F1830E /* MovieDetailViewOverview.swift */ = {isa = PBXFileReference; lastKnownFileType = sourcecode.swift; path = MovieDetailViewOverview.swift; sourceTree = "<group>"; };
		982A16D92368C74200F1830E /* MovieDetailAvergaData.swift */ = {isa = PBXFileReference; lastKnownFileType = sourcecode.swift; path = MovieDetailAvergaData.swift; sourceTree = "<group>"; };
		982A16DB2368C86C00F1830E /* MovieCast.swift */ = {isa = PBXFileReference; lastKnownFileType = sourcecode.swift; path = MovieCast.swift; sourceTree = "<group>"; };
		982A16DD2368C9B600F1830E /* MovieDetailDescription.swift */ = {isa = PBXFileReference; lastKnownFileType = sourcecode.swift; path = MovieDetailDescription.swift; sourceTree = "<group>"; };
		982A16DF2368CB0D00F1830E /* MovieDetailMainContent.swift */ = {isa = PBXFileReference; lastKnownFileType = sourcecode.swift; path = MovieDetailMainContent.swift; sourceTree = "<group>"; };
		982A16E12368CCD200F1830E /* MovieDetailCastContent.swift */ = {isa = PBXFileReference; lastKnownFileType = sourcecode.swift; path = MovieDetailCastContent.swift; sourceTree = "<group>"; };
		982A16E32368F18D00F1830E /* MovieDetailViewModel.swift */ = {isa = PBXFileReference; lastKnownFileType = sourcecode.swift; path = MovieDetailViewModel.swift; sourceTree = "<group>"; };
		982A16E52368F5FF00F1830E /* Cast.swift */ = {isa = PBXFileReference; lastKnownFileType = sourcecode.swift; path = Cast.swift; sourceTree = "<group>"; };
		982A16E72368FAD700F1830E /* MediaCast.swift */ = {isa = PBXFileReference; lastKnownFileType = sourcecode.swift; path = MediaCast.swift; sourceTree = "<group>"; };
		9835743B235D476A009BD51E /* MovieRow.swift */ = {isa = PBXFileReference; lastKnownFileType = sourcecode.swift; path = MovieRow.swift; sourceTree = "<group>"; };
		98357448235E277C009BD51E /* NetworkCore.swift */ = {isa = PBXFileReference; lastKnownFileType = sourcecode.swift; path = NetworkCore.swift; sourceTree = "<group>"; };
		9835744A235E2EAC009BD51E /* RequestService.swift */ = {isa = PBXFileReference; lastKnownFileType = sourcecode.swift; path = RequestService.swift; sourceTree = "<group>"; };
		9835744E235E3E0C009BD51E /* MainViewEndpoint.swift */ = {isa = PBXFileReference; lastKnownFileType = sourcecode.swift; path = MainViewEndpoint.swift; sourceTree = "<group>"; };
		98357450235E3F7B009BD51E /* MainViewManager.swift */ = {isa = PBXFileReference; lastKnownFileType = sourcecode.swift; path = MainViewManager.swift; sourceTree = "<group>"; };
		98357452235E4541009BD51E /* Enviroment.swift */ = {isa = PBXFileReference; lastKnownFileType = sourcecode.swift; path = Enviroment.swift; sourceTree = "<group>"; };
		98357455235E882F009BD51E /* ServiceError.swift */ = {isa = PBXFileReference; lastKnownFileType = sourcecode.swift; path = ServiceError.swift; sourceTree = "<group>"; };
		98692BAE236E45FA004306ED /* LoginViewRequest.swift */ = {isa = PBXFileReference; lastKnownFileType = sourcecode.swift; path = LoginViewRequest.swift; sourceTree = "<group>"; };
		98692BB1236E4D18004306ED /* RequestToken.swift */ = {isa = PBXFileReference; lastKnownFileType = sourcecode.swift; path = RequestToken.swift; sourceTree = "<group>"; };
		98692BB3236E5121004306ED /* RequestSession.swift */ = {isa = PBXFileReference; lastKnownFileType = sourcecode.swift; path = RequestSession.swift; sourceTree = "<group>"; };
		98692BB52370E9B8004306ED /* Credential.swift */ = {isa = PBXFileReference; lastKnownFileType = sourcecode.swift; path = Credential.swift; sourceTree = "<group>"; };
		98692BB72371E6F6004306ED /* UIApplication+Extension.swift */ = {isa = PBXFileReference; lastKnownFileType = sourcecode.swift; path = "UIApplication+Extension.swift"; sourceTree = "<group>"; };
		98692BBA237223F0004306ED /* LoginImageBackground.swift */ = {isa = PBXFileReference; lastKnownFileType = sourcecode.swift; path = LoginImageBackground.swift; sourceTree = "<group>"; };
		98692BBC23722473004306ED /* LoginTextFieldSection.swift */ = {isa = PBXFileReference; lastKnownFileType = sourcecode.swift; path = LoginTextFieldSection.swift; sourceTree = "<group>"; };
		98692BC0237225E4004306ED /* RectangleTemplate.swift */ = {isa = PBXFileReference; lastKnownFileType = sourcecode.swift; path = RectangleTemplate.swift; sourceTree = "<group>"; };
		98692BC223722A84004306ED /* LoginSingUpSection.swift */ = {isa = PBXFileReference; lastKnownFileType = sourcecode.swift; path = LoginSingUpSection.swift; sourceTree = "<group>"; };
		98692BC423723001004306ED /* EnterToAppView.swift */ = {isa = PBXFileReference; lastKnownFileType = sourcecode.swift; path = EnterToAppView.swift; sourceTree = "<group>"; };
		98692BC62372326D004306ED /* LoginTextFieldsAndSignUpSection.swift */ = {isa = PBXFileReference; lastKnownFileType = sourcecode.swift; path = LoginTextFieldsAndSignUpSection.swift; sourceTree = "<group>"; };
		98692BC823724925004306ED /* TextFieldTemplate.swift */ = {isa = PBXFileReference; lastKnownFileType = sourcecode.swift; path = TextFieldTemplate.swift; sourceTree = "<group>"; };
		98692BCA23724ACD004306ED /* SecureFieldCustom.swift */ = {isa = PBXFileReference; lastKnownFileType = sourcecode.swift; path = SecureFieldCustom.swift; sourceTree = "<group>"; };
		98692BCD237281D3004306ED /* NavigationConfiguration.swift */ = {isa = PBXFileReference; lastKnownFileType = sourcecode.swift; path = NavigationConfiguration.swift; sourceTree = "<group>"; };
		98692BD523736E1E004306ED /* ProfileView.swift */ = {isa = PBXFileReference; lastKnownFileType = sourcecode.swift; path = ProfileView.swift; sourceTree = "<group>"; };
		98692BDA23739002004306ED /* Profile_LateralMenu.swift */ = {isa = PBXFileReference; lastKnownFileType = sourcecode.swift; path = Profile_LateralMenu.swift; sourceTree = "<group>"; };
		98692BDC237391DE004306ED /* Profile_scrollView.swift */ = {isa = PBXFileReference; lastKnownFileType = sourcecode.swift; path = Profile_scrollView.swift; sourceTree = "<group>"; };
		98692BDF237396CA004306ED /* ProfileViewModel.swift */ = {isa = PBXFileReference; lastKnownFileType = sourcecode.swift; path = ProfileViewModel.swift; sourceTree = "<group>"; };
		98692BE423739835004306ED /* ProfileRemoteDataManager.swift */ = {isa = PBXFileReference; lastKnownFileType = sourcecode.swift; path = ProfileRemoteDataManager.swift; sourceTree = "<group>"; };
		98692BE623739E2C004306ED /* ProfileProtocols.swift */ = {isa = PBXFileReference; lastKnownFileType = sourcecode.swift; path = ProfileProtocols.swift; sourceTree = "<group>"; };
		98692BE82373A124004306ED /* Persistance.swift */ = {isa = PBXFileReference; lastKnownFileType = sourcecode.swift; path = Persistance.swift; sourceTree = "<group>"; };
		988CF6F5236A001D00DCBAA2 /* ScrollViewActorMovies.swift */ = {isa = PBXFileReference; lastKnownFileType = sourcecode.swift; path = ScrollViewActorMovies.swift; sourceTree = "<group>"; };
		988CF6F7236A0BB100DCBAA2 /* ActorMovieItem.swift */ = {isa = PBXFileReference; lastKnownFileType = sourcecode.swift; path = ActorMovieItem.swift; sourceTree = "<group>"; };
		988CF6F9236A0E0E00DCBAA2 /* ActorMovieItemImage.swift */ = {isa = PBXFileReference; lastKnownFileType = sourcecode.swift; path = ActorMovieItemImage.swift; sourceTree = "<group>"; };
		988CF6FC236A148800DCBAA2 /* MediaActorData.swift */ = {isa = PBXFileReference; lastKnownFileType = sourcecode.swift; path = MediaActorData.swift; sourceTree = "<group>"; };
		988CF6FE236A270000DCBAA2 /* MovieDetailCoverImage.swift */ = {isa = PBXFileReference; lastKnownFileType = sourcecode.swift; path = MovieDetailCoverImage.swift; sourceTree = "<group>"; };
		988D5E76235EAB40000F9BF0 /* MainViewProtocols.swift */ = {isa = PBXFileReference; lastKnownFileType = sourcecode.swift; path = MainViewProtocols.swift; sourceTree = "<group>"; };
		988D5E7C235ED82E000F9BF0 /* ActivityIndicator.swift */ = {isa = PBXFileReference; lastKnownFileType = sourcecode.swift; path = ActivityIndicator.swift; sourceTree = "<group>"; };
		988D5E7F235F682E000F9BF0 /* Constants.swift */ = {isa = PBXFileReference; lastKnownFileType = sourcecode.swift; path = Constants.swift; sourceTree = "<group>"; };
		988D5E84235FDAE9000F9BF0 /* ButtonsTemplates.swift */ = {isa = PBXFileReference; lastKnownFileType = sourcecode.swift; path = ButtonsTemplates.swift; sourceTree = "<group>"; };
		988D5E89235FE448000F9BF0 /* Button+Extension.swift */ = {isa = PBXFileReference; lastKnownFileType = sourcecode.swift; path = "Button+Extension.swift"; sourceTree = "<group>"; };
		988D5E8B235FEDAC000F9BF0 /* SF.swift */ = {isa = PBXFileReference; fileEncoding = 4; lastKnownFileType = sourcecode.swift; path = SF.swift; sourceTree = "<group>"; };
		988D5E8D235FF1BD000F9BF0 /* NavigationBarItems.swift */ = {isa = PBXFileReference; lastKnownFileType = sourcecode.swift; path = NavigationBarItems.swift; sourceTree = "<group>"; };
		988FD7A1236968D400F2D826 /* ActorImageView.swift */ = {isa = PBXFileReference; lastKnownFileType = sourcecode.swift; path = ActorImageView.swift; sourceTree = "<group>"; };
		988FD7A323696CC600F2D826 /* ActorDetailView.swift */ = {isa = PBXFileReference; lastKnownFileType = sourcecode.swift; path = ActorDetailView.swift; sourceTree = "<group>"; };
		988FD7A723696E2800F2D826 /* ActorDetailViewModel.swift */ = {isa = PBXFileReference; lastKnownFileType = sourcecode.swift; path = ActorDetailViewModel.swift; sourceTree = "<group>"; };
		988FD7A9236971F400F2D826 /* ActorAverageView.swift */ = {isa = PBXFileReference; lastKnownFileType = sourcecode.swift; path = ActorAverageView.swift; sourceTree = "<group>"; };
		989D0223236774490017B9DC /* MoviewDetailImageBackground.swift */ = {isa = PBXFileReference; lastKnownFileType = sourcecode.swift; path = MoviewDetailImageBackground.swift; sourceTree = "<group>"; };
		989D022B2367E6CC0017B9DC /* GenRes.swift */ = {isa = PBXFileReference; lastKnownFileType = sourcecode.swift; path = GenRes.swift; sourceTree = "<group>"; };
		989D022D2367E7620017B9DC /* ProductionCompany.swift */ = {isa = PBXFileReference; lastKnownFileType = sourcecode.swift; path = ProductionCompany.swift; sourceTree = "<group>"; };
		98B669F2236918E700AF5237 /* MainViewImageItem.swift */ = {isa = PBXFileReference; lastKnownFileType = sourcecode.swift; path = MainViewImageItem.swift; sourceTree = "<group>"; };
		98B669F42369193100AF5237 /* MoviewDetailCastImage.swift */ = {isa = PBXFileReference; lastKnownFileType = sourcecode.swift; path = MoviewDetailCastImage.swift; sourceTree = "<group>"; };
		98B669F7236941D400AF5237 /* MediaCastDetail.swift */ = {isa = PBXFileReference; lastKnownFileType = sourcecode.swift; path = MediaCastDetail.swift; sourceTree = "<group>"; };
		98B669F9236942AA00AF5237 /* CastDetail.swift */ = {isa = PBXFileReference; lastKnownFileType = sourcecode.swift; path = CastDetail.swift; sourceTree = "<group>"; };
		98B669FB2369431300AF5237 /* CastData.swift */ = {isa = PBXFileReference; lastKnownFileType = sourcecode.swift; path = CastData.swift; sourceTree = "<group>"; };
		98B669FD2369449700AF5237 /* CastMovies.swift */ = {isa = PBXFileReference; lastKnownFileType = sourcecode.swift; path = CastMovies.swift; sourceTree = "<group>"; };
		98D48DB4236BC7BA0064FF4F /* LoginView.swift */ = {isa = PBXFileReference; lastKnownFileType = sourcecode.swift; path = LoginView.swift; sourceTree = "<group>"; };
		98D48DB6236BC8140064FF4F /* View+Extension.swift */ = {isa = PBXFileReference; lastKnownFileType = sourcecode.swift; path = "View+Extension.swift"; sourceTree = "<group>"; };
		98D48DB8236BCE5A0064FF4F /* LoginViewModel.swift */ = {isa = PBXFileReference; lastKnownFileType = sourcecode.swift; path = LoginViewModel.swift; sourceTree = "<group>"; };
		98D48DBD236BCF240064FF4F /* LoginRemoteDataManager.swift */ = {isa = PBXFileReference; lastKnownFileType = sourcecode.swift; path = LoginRemoteDataManager.swift; sourceTree = "<group>"; };
		98D48DC0236BD0960064FF4F /* AuthToken.swift */ = {isa = PBXFileReference; lastKnownFileType = sourcecode.swift; path = AuthToken.swift; sourceTree = "<group>"; };
		98E4F4AE23600F5A00EF56CD /* TabBarView.swift */ = {isa = PBXFileReference; lastKnownFileType = sourcecode.swift; path = TabBarView.swift; sourceTree = "<group>"; };
		98E4F4B22360207100EF56CD /* Color+Extension.swift */ = {isa = PBXFileReference; lastKnownFileType = sourcecode.swift; path = "Color+Extension.swift"; sourceTree = "<group>"; };
		98E4F4B5236161E100EF56CD /* Media.swift */ = {isa = PBXFileReference; lastKnownFileType = sourcecode.swift; path = Media.swift; sourceTree = "<group>"; };
		98E4F4B723618BD000EF56CD /* Cache.swift */ = {isa = PBXFileReference; lastKnownFileType = sourcecode.swift; path = Cache.swift; sourceTree = "<group>"; };
		98E4F4DA236299BE00EF56CD /* Movies.swift */ = {isa = PBXFileReference; lastKnownFileType = sourcecode.swift; path = Movies.swift; sourceTree = "<group>"; };
		98E4F4DE23629A5E00EF56CD /* Movie.swift */ = {isa = PBXFileReference; lastKnownFileType = sourcecode.swift; path = Movie.swift; sourceTree = "<group>"; };
		98FB28B32367F023001723D6 /* TextTemplate.swift */ = {isa = PBXFileReference; lastKnownFileType = sourcecode.swift; path = TextTemplate.swift; sourceTree = "<group>"; };
		98FB28B52368BDF6001723D6 /* ScrollViewCast.swift */ = {isa = PBXFileReference; lastKnownFileType = sourcecode.swift; path = ScrollViewCast.swift; sourceTree = "<group>"; };
/* End PBXFileReference section */

/* Begin PBXFrameworksBuildPhase section */
		981A7590235C18B000DDB4C6 /* Frameworks */ = {
			isa = PBXFrameworksBuildPhase;
			buildActionMask = 2147483647;
			files = (
				98692BEC2373A293004306ED /* KeychainSwift in Frameworks */,
			);
			runOnlyForDeploymentPostprocessing = 0;
		};
/* End PBXFrameworksBuildPhase section */

/* Begin PBXGroup section */
		981A758A235C18B000DDB4C6 = {
			isa = PBXGroup;
			children = (
				981A7595235C18B000DDB4C6 /* SwiftUIMVVM */,
				981A7594235C18B000DDB4C6 /* Products */,
			);
			sourceTree = "<group>";
		};
		981A7594235C18B000DDB4C6 /* Products */ = {
			isa = PBXGroup;
			children = (
				981A7593235C18B000DDB4C6 /* SwiftUIMVVM.app */,
			);
			name = Products;
			sourceTree = "<group>";
		};
		981A7595235C18B000DDB4C6 /* SwiftUIMVVM */ = {
			isa = PBXGroup;
			children = (
				98E4F4B4236161CA00EF56CD /* Entities */,
				988D5E88235FE439000F9BF0 /* Extensions */,
				988D5E7E235F681A000F9BF0 /* Shared */,
				988D5E79235ED7E6000F9BF0 /* UI */,
				98357441235D4DF4009BD51E /* Network */,
				981A75AA235C1DA000DDB4C6 /* Modules */,
				981A7596235C18B000DDB4C6 /* AppDelegate.swift */,
				981A7598235C18B000DDB4C6 /* SceneDelegate.swift */,
				98357452235E4541009BD51E /* Enviroment.swift */,
				981A759C235C18B300DDB4C6 /* Assets.xcassets */,
				981A75A1235C18B300DDB4C6 /* LaunchScreen.storyboard */,
				981A75A4235C18B300DDB4C6 /* Info.plist */,
				981A759E235C18B300DDB4C6 /* Preview Content */,
			);
			path = SwiftUIMVVM;
			sourceTree = "<group>";
		};
		981A759E235C18B300DDB4C6 /* Preview Content */ = {
			isa = PBXGroup;
			children = (
				981A759F235C18B300DDB4C6 /* Preview Assets.xcassets */,
			);
			path = "Preview Content";
			sourceTree = "<group>";
		};
		981A75AA235C1DA000DDB4C6 /* Modules */ = {
			isa = PBXGroup;
			children = (
				98692BD323736E07004306ED /* Profile */,
				98B669F623693E8F00AF5237 /* ActorDetail */,
				982215242367560E00DE6672 /* MovieDetails */,
				98357454235E87FD009BD51E /* MainView */,
				98E4F4AD23600DFA00EF56CD /* TabBar */,
				98D48DB3236BC73F0064FF4F /* Login */,
				98D48DB2236BC7330064FF4F /* Start */,
			);
			path = Modules;
			sourceTree = "<group>";
		};
		981A75AB235C1DAD00DDB4C6 /* View */ = {
			isa = PBXGroup;
			children = (
				981A759A235C18B000DDB4C6 /* MainView.swift */,
				9835743B235D476A009BD51E /* MovieRow.swift */,
				988D5E81235FC8B1000F9BF0 /* Container */,
			);
			path = View;
			sourceTree = "<group>";
		};
		981A75AC235C1DB300DDB4C6 /* ViewModel */ = {
			isa = PBXGroup;
			children = (
				981A75AE235C1E1800DDB4C6 /* CoursesViewModel.swift */,
			);
			path = ViewModel;
			sourceTree = "<group>";
		};
		982215242367560E00DE6672 /* MovieDetails */ = {
			isa = PBXGroup;
			children = (
				989D02262367E6120017B9DC /* Entities */,
				989D02282367E6230017B9DC /* ViewModel */,
				989D02252367E6010017B9DC /* View */,
			);
			path = MovieDetails;
			sourceTree = "<group>";
		};
		982215292367714800DE6672 /* body */ = {
			isa = PBXGroup;
			children = (
				988CF6FE236A270000DCBAA2 /* MovieDetailCoverImage.swift */,
				982A16DF2368CB0D00F1830E /* MovieDetailMainContent.swift */,
				982A16D92368C74200F1830E /* MovieDetailAvergaData.swift */,
				9822152C2367720E00DE6672 /* MoviewDetailImage.swift */,
				989D0223236774490017B9DC /* MoviewDetailImageBackground.swift */,
				982A16DD2368C9B600F1830E /* MovieDetailDescription.swift */,
				982A16D72368C63700F1830E /* MovieDetailViewOverview.swift */,
				98FB28B52368BDF6001723D6 /* ScrollViewCast.swift */,
				982A16E12368CCD200F1830E /* MovieDetailCastContent.swift */,
				98B669F42369193100AF5237 /* MoviewDetailCastImage.swift */,
			);
			path = body;
			sourceTree = "<group>";
		};
		98338F65235E97E500DFF284 /* Endpoints */ = {
			isa = PBXGroup;
			children = (
				9835744E235E3E0C009BD51E /* MainViewEndpoint.swift */,
				98692BAE236E45FA004306ED /* LoginViewRequest.swift */,
			);
			path = Endpoints;
			sourceTree = "<group>";
		};
		9835743D235D4834009BD51E /* DataManager */ = {
			isa = PBXGroup;
			children = (
				9835743E235D483B009BD51E /* Remote */,
			);
			path = DataManager;
			sourceTree = "<group>";
		};
		9835743E235D483B009BD51E /* Remote */ = {
			isa = PBXGroup;
			children = (
				98357450235E3F7B009BD51E /* MainViewManager.swift */,
			);
			path = Remote;
			sourceTree = "<group>";
		};
		98357441235D4DF4009BD51E /* Network */ = {
			isa = PBXGroup;
			children = (
				98338F65235E97E500DFF284 /* Endpoints */,
				98357447235E274F009BD51E /* NetworkCore */,
			);
			path = Network;
			sourceTree = "<group>";
		};
		98357447235E274F009BD51E /* NetworkCore */ = {
			isa = PBXGroup;
			children = (
				98357448235E277C009BD51E /* NetworkCore.swift */,
				9835744A235E2EAC009BD51E /* RequestService.swift */,
				98357455235E882F009BD51E /* ServiceError.swift */,
			);
			path = NetworkCore;
			sourceTree = "<group>";
		};
		98357454235E87FD009BD51E /* MainView */ = {
			isa = PBXGroup;
			children = (
				988D5E75235EA870000F9BF0 /* Protocols */,
				9835743D235D4834009BD51E /* DataManager */,
				981A75AC235C1DB300DDB4C6 /* ViewModel */,
				981A75AB235C1DAD00DDB4C6 /* View */,
			);
			path = MainView;
			sourceTree = "<group>";
		};
		98692BB0236E4D01004306ED /* Entities */ = {
			isa = PBXGroup;
			children = (
				98692BB1236E4D18004306ED /* RequestToken.swift */,
				98692BB3236E5121004306ED /* RequestSession.swift */,
				98692BB52370E9B8004306ED /* Credential.swift */,
			);
			path = Entities;
			sourceTree = "<group>";
		};
		98692BB92371FBCA004306ED /* Body */ = {
			isa = PBXGroup;
			children = (
				98692BBA237223F0004306ED /* LoginImageBackground.swift */,
				98692BC62372326D004306ED /* LoginTextFieldsAndSignUpSection.swift */,
				98692BBC23722473004306ED /* LoginTextFieldSection.swift */,
				98692BC223722A84004306ED /* LoginSingUpSection.swift */,
				98692BC423723001004306ED /* EnterToAppView.swift */,
			);
			path = Body;
			sourceTree = "<group>";
		};
		98692BCC237281BB004306ED /* NavigationConfiguration */ = {
			isa = PBXGroup;
			children = (
				98692BCD237281D3004306ED /* NavigationConfiguration.swift */,
			);
			path = NavigationConfiguration;
			sourceTree = "<group>";
		};
		98692BD323736E07004306ED /* Profile */ = {
			isa = PBXGroup;
			children = (
				98692BE32373980B004306ED /* Protocols */,
				98692BE123739791004306ED /* DataManager */,
				98692BDE237396B9004306ED /* ViewModel */,
				98692BD423736E11004306ED /* View */,
			);
			path = Profile;
			sourceTree = "<group>";
		};
		98692BD423736E11004306ED /* View */ = {
			isa = PBXGroup;
			children = (
				98692BD523736E1E004306ED /* ProfileView.swift */,
				98692BD723738E56004306ED /* body */,
			);
			path = View;
			sourceTree = "<group>";
		};
		98692BD723738E56004306ED /* body */ = {
			isa = PBXGroup;
			children = (
				98692BDC237391DE004306ED /* Profile_scrollView.swift */,
				98692BDA23739002004306ED /* Profile_LateralMenu.swift */,
			);
			path = body;
			sourceTree = "<group>";
		};
		98692BDE237396B9004306ED /* ViewModel */ = {
			isa = PBXGroup;
			children = (
				98692BDF237396CA004306ED /* ProfileViewModel.swift */,
			);
			path = ViewModel;
			sourceTree = "<group>";
		};
		98692BE123739791004306ED /* DataManager */ = {
			isa = PBXGroup;
			children = (
				98692BE22373979A004306ED /* Remote */,
			);
			path = DataManager;
			sourceTree = "<group>";
		};
		98692BE22373979A004306ED /* Remote */ = {
			isa = PBXGroup;
			children = (
				98692BE423739835004306ED /* ProfileRemoteDataManager.swift */,
			);
			path = Remote;
			sourceTree = "<group>";
		};
		98692BE32373980B004306ED /* Protocols */ = {
			isa = PBXGroup;
			children = (
				98692BE623739E2C004306ED /* ProfileProtocols.swift */,
			);
			path = Protocols;
			sourceTree = "<group>";
		};
		988CF6FB236A145700DCBAA2 /* Entities */ = {
			isa = PBXGroup;
			children = (
				988CF6FC236A148800DCBAA2 /* MediaActorData.swift */,
			);
			path = Entities;
			sourceTree = "<group>";
		};
		988D5E75235EA870000F9BF0 /* Protocols */ = {
			isa = PBXGroup;
			children = (
				988D5E76235EAB40000F9BF0 /* MainViewProtocols.swift */,
			);
			path = Protocols;
			sourceTree = "<group>";
		};
		988D5E79235ED7E6000F9BF0 /* UI */ = {
			isa = PBXGroup;
			children = (
				98692BCC237281BB004306ED /* NavigationConfiguration */,
				988D5E7B235ED80C000F9BF0 /* Loading */,
				988D5E7A235ED800000F9BF0 /* UITemplates */,
			);
			path = UI;
			sourceTree = "<group>";
		};
		988D5E7A235ED800000F9BF0 /* UITemplates */ = {
			isa = PBXGroup;
			children = (
				988D5E84235FDAE9000F9BF0 /* ButtonsTemplates.swift */,
				988D5E8D235FF1BD000F9BF0 /* NavigationBarItems.swift */,
				9806012B2362C98200C1F6E8 /* ScrollViewTemplate.swift */,
				98FB28B32367F023001723D6 /* TextTemplate.swift */,
				98692BC0237225E4004306ED /* RectangleTemplate.swift */,
				98692BC823724925004306ED /* TextFieldTemplate.swift */,
				98692BCA23724ACD004306ED /* SecureFieldCustom.swift */,
			);
			path = UITemplates;
			sourceTree = "<group>";
		};
		988D5E7B235ED80C000F9BF0 /* Loading */ = {
			isa = PBXGroup;
			children = (
				988D5E7C235ED82E000F9BF0 /* ActivityIndicator.swift */,
			);
			path = Loading;
			sourceTree = "<group>";
		};
		988D5E7E235F681A000F9BF0 /* Shared */ = {
			isa = PBXGroup;
			children = (
				988D5E8B235FEDAC000F9BF0 /* SF.swift */,
				98692BE82373A124004306ED /* Persistance.swift */,
				988D5E7F235F682E000F9BF0 /* Constants.swift */,
				98E4F4B723618BD000EF56CD /* Cache.swift */,
				9822151C2366115A00DE6672 /* ImageDataLoader.swift */,
			);
			path = Shared;
			sourceTree = "<group>";
		};
		988D5E81235FC8B1000F9BF0 /* Container */ = {
			isa = PBXGroup;
			children = (
				98B669F2236918E700AF5237 /* MainViewImageItem.swift */,
				9822151E2366DD9E00DE6672 /* movieInfoBarView.swift */,
				982215222367553B00DE6672 /* voteAverageView.swift */,
			);
			path = Container;
			sourceTree = "<group>";
		};
		988D5E88235FE439000F9BF0 /* Extensions */ = {
			isa = PBXGroup;
			children = (
				988D5E89235FE448000F9BF0 /* Button+Extension.swift */,
				98E4F4B22360207100EF56CD /* Color+Extension.swift */,
				98221520236752A600DE6672 /* String+Extension.swift */,
				98D48DB6236BC8140064FF4F /* View+Extension.swift */,
				98692BB72371E6F6004306ED /* UIApplication+Extension.swift */,
			);
			path = Extensions;
			sourceTree = "<group>";
		};
		988FD7A523696E0F00F2D826 /* View */ = {
			isa = PBXGroup;
			children = (
				988FD7A323696CC600F2D826 /* ActorDetailView.swift */,
				988FD7A1236968D400F2D826 /* ActorImageView.swift */,
				988FD7A9236971F400F2D826 /* ActorAverageView.swift */,
				988CF6F5236A001D00DCBAA2 /* ScrollViewActorMovies.swift */,
				988CF6F7236A0BB100DCBAA2 /* ActorMovieItem.swift */,
				988CF6F9236A0E0E00DCBAA2 /* ActorMovieItemImage.swift */,
			);
			path = View;
			sourceTree = "<group>";
		};
		988FD7A623696E1700F2D826 /* ViewModel */ = {
			isa = PBXGroup;
			children = (
				988FD7A723696E2800F2D826 /* ActorDetailViewModel.swift */,
			);
			path = ViewModel;
			sourceTree = "<group>";
		};
		989D02252367E6010017B9DC /* View */ = {
			isa = PBXGroup;
			children = (
				982215252367562C00DE6672 /* MovieDetailsView.swift */,
				982215292367714800DE6672 /* body */,
			);
			path = View;
			sourceTree = "<group>";
		};
		989D02262367E6120017B9DC /* Entities */ = {
			isa = PBXGroup;
			children = (
				989D022D2367E7620017B9DC /* ProductionCompany.swift */,
				982A16DB2368C86C00F1830E /* MovieCast.swift */,
				982A16E52368F5FF00F1830E /* Cast.swift */,
				982A16E72368FAD700F1830E /* MediaCast.swift */,
				98B669F7236941D400AF5237 /* MediaCastDetail.swift */,
			);
			path = Entities;
			sourceTree = "<group>";
		};
		989D02282367E6230017B9DC /* ViewModel */ = {
			isa = PBXGroup;
			children = (
				982A16E32368F18D00F1830E /* MovieDetailViewModel.swift */,
			);
			path = ViewModel;
			sourceTree = "<group>";
		};
		98B669F623693E8F00AF5237 /* ActorDetail */ = {
			isa = PBXGroup;
			children = (
				988CF6FB236A145700DCBAA2 /* Entities */,
				988FD7A623696E1700F2D826 /* ViewModel */,
				988FD7A523696E0F00F2D826 /* View */,
			);
			path = ActorDetail;
			sourceTree = "<group>";
		};
		98D48DB2236BC7330064FF4F /* Start */ = {
			isa = PBXGroup;
			children = (
			);
			path = Start;
			sourceTree = "<group>";
		};
		98D48DB3236BC73F0064FF4F /* Login */ = {
			isa = PBXGroup;
			children = (
				98692BB0236E4D01004306ED /* Entities */,
				98D48DBC236BCF0C0064FF4F /* DataManager */,
				98D48DBB236BCE690064FF4F /* ViewModel */,
				98D48DBA236BCE640064FF4F /* View */,
			);
			path = Login;
			sourceTree = "<group>";
		};
		98D48DBA236BCE640064FF4F /* View */ = {
			isa = PBXGroup;
			children = (
				98D48DB4236BC7BA0064FF4F /* LoginView.swift */,
				98692BB92371FBCA004306ED /* Body */,
			);
			path = View;
			sourceTree = "<group>";
		};
		98D48DBB236BCE690064FF4F /* ViewModel */ = {
			isa = PBXGroup;
			children = (
				98D48DB8236BCE5A0064FF4F /* LoginViewModel.swift */,
			);
			path = ViewModel;
			sourceTree = "<group>";
		};
		98D48DBC236BCF0C0064FF4F /* DataManager */ = {
			isa = PBXGroup;
			children = (
				98D48DBF236BCF280064FF4F /* Remote */,
			);
			path = DataManager;
			sourceTree = "<group>";
		};
		98D48DBF236BCF280064FF4F /* Remote */ = {
			isa = PBXGroup;
			children = (
				98D48DBD236BCF240064FF4F /* LoginRemoteDataManager.swift */,
			);
			path = Remote;
			sourceTree = "<group>";
		};
		98E4F4AD23600DFA00EF56CD /* TabBar */ = {
			isa = PBXGroup;
			children = (
				98E4F4AE23600F5A00EF56CD /* TabBarView.swift */,
			);
			path = TabBar;
			sourceTree = "<group>";
		};
		98E4F4B4236161CA00EF56CD /* Entities */ = {
			isa = PBXGroup;
			children = (
				98E4F4B5236161E100EF56CD /* Media.swift */,
				98E4F4DA236299BE00EF56CD /* Movies.swift */,
				98E4F4DE23629A5E00EF56CD /* Movie.swift */,
				9822151423643EC900DE6672 /* MovieImage.swift */,
				989D022B2367E6CC0017B9DC /* GenRes.swift */,
				98B669F9236942AA00AF5237 /* CastDetail.swift */,
				98B669FB2369431300AF5237 /* CastData.swift */,
				98B669FD2369449700AF5237 /* CastMovies.swift */,
				98D48DC0236BD0960064FF4F /* AuthToken.swift */,
			);
			path = Entities;
			sourceTree = "<group>";
		};
/* End PBXGroup section */

/* Begin PBXNativeTarget section */
		981A7592235C18B000DDB4C6 /* SwiftUIMVVM */ = {
			isa = PBXNativeTarget;
			buildConfigurationList = 981A75A7235C18B300DDB4C6 /* Build configuration list for PBXNativeTarget "SwiftUIMVVM" */;
			buildPhases = (
				981A758F235C18B000DDB4C6 /* Sources */,
				981A7590235C18B000DDB4C6 /* Frameworks */,
				981A7591235C18B000DDB4C6 /* Resources */,
			);
			buildRules = (
			);
			dependencies = (
			);
			name = SwiftUIMVVM;
			packageProductDependencies = (
				98692BEB2373A293004306ED /* KeychainSwift */,
			);
			productName = SwiftUIMVVM;
			productReference = 981A7593235C18B000DDB4C6 /* SwiftUIMVVM.app */;
			productType = "com.apple.product-type.application";
		};
/* End PBXNativeTarget section */

/* Begin PBXProject section */
		981A758B235C18B000DDB4C6 /* Project object */ = {
			isa = PBXProject;
			attributes = {
				LastSwiftUpdateCheck = 1100;
				LastUpgradeCheck = 1100;
				ORGANIZATIONNAME = gandhi;
				TargetAttributes = {
					981A7592235C18B000DDB4C6 = {
						CreatedOnToolsVersion = 11.0;
					};
				};
			};
			buildConfigurationList = 981A758E235C18B000DDB4C6 /* Build configuration list for PBXProject "SwiftUIMVVM" */;
			compatibilityVersion = "Xcode 9.3";
			developmentRegion = en;
			hasScannedForEncodings = 0;
			knownRegions = (
				en,
				Base,
			);
			mainGroup = 981A758A235C18B000DDB4C6;
			packageReferences = (
				98692BEA2373A293004306ED /* XCRemoteSwiftPackageReference "keychain-swift" */,
			);
			productRefGroup = 981A7594235C18B000DDB4C6 /* Products */;
			projectDirPath = "";
			projectRoot = "";
			targets = (
				981A7592235C18B000DDB4C6 /* SwiftUIMVVM */,
			);
		};
/* End PBXProject section */

/* Begin PBXResourcesBuildPhase section */
		981A7591235C18B000DDB4C6 /* Resources */ = {
			isa = PBXResourcesBuildPhase;
			buildActionMask = 2147483647;
			files = (
				981A75A3235C18B300DDB4C6 /* LaunchScreen.storyboard in Resources */,
				981A75A0235C18B300DDB4C6 /* Preview Assets.xcassets in Resources */,
				981A759D235C18B300DDB4C6 /* Assets.xcassets in Resources */,
			);
			runOnlyForDeploymentPostprocessing = 0;
		};
/* End PBXResourcesBuildPhase section */

/* Begin PBXSourcesBuildPhase section */
		981A758F235C18B000DDB4C6 /* Sources */ = {
			isa = PBXSourcesBuildPhase;
			buildActionMask = 2147483647;
			files = (
				98692BCE237281D3004306ED /* NavigationConfiguration.swift in Sources */,
				988FD7AA236971F400F2D826 /* ActorAverageView.swift in Sources */,
				98FB28B42367F023001723D6 /* TextTemplate.swift in Sources */,
				98357456235E882F009BD51E /* ServiceError.swift in Sources */,
				988D5E80235F682E000F9BF0 /* Constants.swift in Sources */,
				98692BE92373A124004306ED /* Persistance.swift in Sources */,
				982A16DC2368C86C00F1830E /* MovieCast.swift in Sources */,
				98692BE0237396CA004306ED /* ProfileViewModel.swift in Sources */,
				981A7597235C18B000DDB4C6 /* AppDelegate.swift in Sources */,
				98D48DBE236BCF240064FF4F /* LoginRemoteDataManager.swift in Sources */,
				988CF6FA236A0E0E00DCBAA2 /* ActorMovieItemImage.swift in Sources */,
				988FD7A823696E2800F2D826 /* ActorDetailViewModel.swift in Sources */,
				98692BCB23724ACD004306ED /* SecureFieldCustom.swift in Sources */,
				9806012C2362C98200C1F6E8 /* ScrollViewTemplate.swift in Sources */,
				98357449235E277C009BD51E /* NetworkCore.swift in Sources */,
				988D5E77235EAB40000F9BF0 /* MainViewProtocols.swift in Sources */,
				9822152D2367720E00DE6672 /* MoviewDetailImage.swift in Sources */,
				9822151D2366115A00DE6672 /* ImageDataLoader.swift in Sources */,
				98E4F4B6236161E100EF56CD /* Media.swift in Sources */,
				981A75AF235C1E1800DDB4C6 /* CoursesViewModel.swift in Sources */,
				98692BC523723001004306ED /* EnterToAppView.swift in Sources */,
				982A16DE2368C9B600F1830E /* MovieDetailDescription.swift in Sources */,
				98692BE523739835004306ED /* ProfileRemoteDataManager.swift in Sources */,
				9835744B235E2EAC009BD51E /* RequestService.swift in Sources */,
				98692BC923724925004306ED /* TextFieldTemplate.swift in Sources */,
				98357453235E4541009BD51E /* Enviroment.swift in Sources */,
				98B669F8236941D400AF5237 /* MediaCastDetail.swift in Sources */,
				98357451235E3F7B009BD51E /* MainViewManager.swift in Sources */,
				98FB28B62368BDF6001723D6 /* ScrollViewCast.swift in Sources */,
				98692BB62370E9B8004306ED /* Credential.swift in Sources */,
				982A16E82368FAD700F1830E /* MediaCast.swift in Sources */,
				98D48DB5236BC7BA0064FF4F /* LoginView.swift in Sources */,
				98692BBB237223F0004306ED /* LoginImageBackground.swift in Sources */,
				98692BB4236E5121004306ED /* RequestSession.swift in Sources */,
				988D5E85235FDAE9000F9BF0 /* ButtonsTemplates.swift in Sources */,
				989D022C2367E6CC0017B9DC /* GenRes.swift in Sources */,
				98B669FC2369431300AF5237 /* CastData.swift in Sources */,
				98692BDB23739002004306ED /* Profile_LateralMenu.swift in Sources */,
				9822151523643EC900DE6672 /* MovieImage.swift in Sources */,
				98E4F4DF23629A5E00EF56CD /* Movie.swift in Sources */,
				982215232367553B00DE6672 /* voteAverageView.swift in Sources */,
				98E4F4B823618BD000EF56CD /* Cache.swift in Sources */,
				9835744F235E3E0C009BD51E /* MainViewEndpoint.swift in Sources */,
				989D022E2367E7620017B9DC /* ProductionCompany.swift in Sources */,
				982215262367562C00DE6672 /* MovieDetailsView.swift in Sources */,
				98E4F4DB236299BE00EF56CD /* Movies.swift in Sources */,
				9835743C235D476A009BD51E /* MovieRow.swift in Sources */,
				9822151F2366DD9E00DE6672 /* movieInfoBarView.swift in Sources */,
				98B669F52369193100AF5237 /* MoviewDetailCastImage.swift in Sources */,
				982A16E62368F5FF00F1830E /* Cast.swift in Sources */,
				988CF6FF236A270000DCBAA2 /* MovieDetailCoverImage.swift in Sources */,
				98692BC323722A84004306ED /* LoginSingUpSection.swift in Sources */,
				988D5E8E235FF1BD000F9BF0 /* NavigationBarItems.swift in Sources */,
				988FD7A423696CC600F2D826 /* ActorDetailView.swift in Sources */,
				98E4F4AF23600F5A00EF56CD /* TabBarView.swift in Sources */,
				988CF6F6236A001D00DCBAA2 /* ScrollViewActorMovies.swift in Sources */,
				981A7599235C18B000DDB4C6 /* SceneDelegate.swift in Sources */,
				988D5E8C235FEDAC000F9BF0 /* SF.swift in Sources */,
				98692BDD237391DE004306ED /* Profile_scrollView.swift in Sources */,
				98692BBD23722473004306ED /* LoginTextFieldSection.swift in Sources */,
				98692BD623736E1E004306ED /* ProfileView.swift in Sources */,
				98692BC72372326D004306ED /* LoginTextFieldsAndSignUpSection.swift in Sources */,
				98B669F3236918E700AF5237 /* MainViewImageItem.swift in Sources */,
				988D5E7D235ED82E000F9BF0 /* ActivityIndicator.swift in Sources */,
				98692BAF236E45FA004306ED /* LoginViewRequest.swift in Sources */,
				982A16E22368CCD200F1830E /* MovieDetailCastContent.swift in Sources */,
				981A759B235C18B000DDB4C6 /* MainView.swift in Sources */,
				98B669FA236942AA00AF5237 /* CastDetail.swift in Sources */,
				988D5E8A235FE448000F9BF0 /* Button+Extension.swift in Sources */,
				982A16E02368CB0D00F1830E /* MovieDetailMainContent.swift in Sources */,
				98D48DB9236BCE5A0064FF4F /* LoginViewModel.swift in Sources */,
				98692BC1237225E4004306ED /* RectangleTemplate.swift in Sources */,
				98221521236752A600DE6672 /* String+Extension.swift in Sources */,
				982A16D82368C63700F1830E /* MovieDetailViewOverview.swift in Sources */,
				982A16E42368F18D00F1830E /* MovieDetailViewModel.swift in Sources */,
				982A16DA2368C74200F1830E /* MovieDetailAvergaData.swift in Sources */,
				988CF6FD236A148800DCBAA2 /* MediaActorData.swift in Sources */,
				988CF6F8236A0BB100DCBAA2 /* ActorMovieItem.swift in Sources */,
				988FD7A2236968D400F2D826 /* ActorImageView.swift in Sources */,
				98B669FE2369449700AF5237 /* CastMovies.swift in Sources */,
				98692BB2236E4D18004306ED /* RequestToken.swift in Sources */,
				98692BB82371E6F6004306ED /* UIApplication+Extension.swift in Sources */,
				98E4F4B32360207100EF56CD /* Color+Extension.swift in Sources */,
				98D48DB7236BC8140064FF4F /* View+Extension.swift in Sources */,
				98692BE723739E2C004306ED /* ProfileProtocols.swift in Sources */,
				989D0224236774490017B9DC /* MoviewDetailImageBackground.swift in Sources */,
				98D48DC1236BD0960064FF4F /* AuthToken.swift in Sources */,
			);
			runOnlyForDeploymentPostprocessing = 0;
		};
/* End PBXSourcesBuildPhase section */

/* Begin PBXVariantGroup section */
		981A75A1235C18B300DDB4C6 /* LaunchScreen.storyboard */ = {
			isa = PBXVariantGroup;
			children = (
				981A75A2235C18B300DDB4C6 /* Base */,
			);
			name = LaunchScreen.storyboard;
			sourceTree = "<group>";
		};
/* End PBXVariantGroup section */

/* Begin XCBuildConfiguration section */
		981A75A5235C18B300DDB4C6 /* Debug */ = {
			isa = XCBuildConfiguration;
			buildSettings = {
				ALWAYS_SEARCH_USER_PATHS = NO;
				CLANG_ANALYZER_NONNULL = YES;
				CLANG_ANALYZER_NUMBER_OBJECT_CONVERSION = YES_AGGRESSIVE;
				CLANG_CXX_LANGUAGE_STANDARD = "gnu++14";
				CLANG_CXX_LIBRARY = "libc++";
				CLANG_ENABLE_MODULES = YES;
				CLANG_ENABLE_OBJC_ARC = YES;
				CLANG_ENABLE_OBJC_WEAK = YES;
				CLANG_WARN_BLOCK_CAPTURE_AUTORELEASING = YES;
				CLANG_WARN_BOOL_CONVERSION = YES;
				CLANG_WARN_COMMA = YES;
				CLANG_WARN_CONSTANT_CONVERSION = YES;
				CLANG_WARN_DEPRECATED_OBJC_IMPLEMENTATIONS = YES;
				CLANG_WARN_DIRECT_OBJC_ISA_USAGE = YES_ERROR;
				CLANG_WARN_DOCUMENTATION_COMMENTS = YES;
				CLANG_WARN_EMPTY_BODY = YES;
				CLANG_WARN_ENUM_CONVERSION = YES;
				CLANG_WARN_INFINITE_RECURSION = YES;
				CLANG_WARN_INT_CONVERSION = YES;
				CLANG_WARN_NON_LITERAL_NULL_CONVERSION = YES;
				CLANG_WARN_OBJC_IMPLICIT_RETAIN_SELF = YES;
				CLANG_WARN_OBJC_LITERAL_CONVERSION = YES;
				CLANG_WARN_OBJC_ROOT_CLASS = YES_ERROR;
				CLANG_WARN_RANGE_LOOP_ANALYSIS = YES;
				CLANG_WARN_STRICT_PROTOTYPES = YES;
				CLANG_WARN_SUSPICIOUS_MOVE = YES;
				CLANG_WARN_UNGUARDED_AVAILABILITY = YES_AGGRESSIVE;
				CLANG_WARN_UNREACHABLE_CODE = YES;
				CLANG_WARN__DUPLICATE_METHOD_MATCH = YES;
				COPY_PHASE_STRIP = NO;
				DEBUG_INFORMATION_FORMAT = dwarf;
				ENABLE_STRICT_OBJC_MSGSEND = YES;
				ENABLE_TESTABILITY = YES;
				GCC_C_LANGUAGE_STANDARD = gnu11;
				GCC_DYNAMIC_NO_PIC = NO;
				GCC_NO_COMMON_BLOCKS = YES;
				GCC_OPTIMIZATION_LEVEL = 0;
				GCC_PREPROCESSOR_DEFINITIONS = (
					"DEBUG=1",
					"$(inherited)",
				);
				GCC_WARN_64_TO_32_BIT_CONVERSION = YES;
				GCC_WARN_ABOUT_RETURN_TYPE = YES_ERROR;
				GCC_WARN_UNDECLARED_SELECTOR = YES;
				GCC_WARN_UNINITIALIZED_AUTOS = YES_AGGRESSIVE;
				GCC_WARN_UNUSED_FUNCTION = YES;
				GCC_WARN_UNUSED_VARIABLE = YES;
				IPHONEOS_DEPLOYMENT_TARGET = 13.0;
				MTL_ENABLE_DEBUG_INFO = INCLUDE_SOURCE;
				MTL_FAST_MATH = YES;
				ONLY_ACTIVE_ARCH = YES;
				SDKROOT = iphoneos;
				SWIFT_ACTIVE_COMPILATION_CONDITIONS = DEBUG;
				SWIFT_OPTIMIZATION_LEVEL = "-Onone";
			};
			name = Debug;
		};
		981A75A6235C18B300DDB4C6 /* Release */ = {
			isa = XCBuildConfiguration;
			buildSettings = {
				ALWAYS_SEARCH_USER_PATHS = NO;
				CLANG_ANALYZER_NONNULL = YES;
				CLANG_ANALYZER_NUMBER_OBJECT_CONVERSION = YES_AGGRESSIVE;
				CLANG_CXX_LANGUAGE_STANDARD = "gnu++14";
				CLANG_CXX_LIBRARY = "libc++";
				CLANG_ENABLE_MODULES = YES;
				CLANG_ENABLE_OBJC_ARC = YES;
				CLANG_ENABLE_OBJC_WEAK = YES;
				CLANG_WARN_BLOCK_CAPTURE_AUTORELEASING = YES;
				CLANG_WARN_BOOL_CONVERSION = YES;
				CLANG_WARN_COMMA = YES;
				CLANG_WARN_CONSTANT_CONVERSION = YES;
				CLANG_WARN_DEPRECATED_OBJC_IMPLEMENTATIONS = YES;
				CLANG_WARN_DIRECT_OBJC_ISA_USAGE = YES_ERROR;
				CLANG_WARN_DOCUMENTATION_COMMENTS = YES;
				CLANG_WARN_EMPTY_BODY = YES;
				CLANG_WARN_ENUM_CONVERSION = YES;
				CLANG_WARN_INFINITE_RECURSION = YES;
				CLANG_WARN_INT_CONVERSION = YES;
				CLANG_WARN_NON_LITERAL_NULL_CONVERSION = YES;
				CLANG_WARN_OBJC_IMPLICIT_RETAIN_SELF = YES;
				CLANG_WARN_OBJC_LITERAL_CONVERSION = YES;
				CLANG_WARN_OBJC_ROOT_CLASS = YES_ERROR;
				CLANG_WARN_RANGE_LOOP_ANALYSIS = YES;
				CLANG_WARN_STRICT_PROTOTYPES = YES;
				CLANG_WARN_SUSPICIOUS_MOVE = YES;
				CLANG_WARN_UNGUARDED_AVAILABILITY = YES_AGGRESSIVE;
				CLANG_WARN_UNREACHABLE_CODE = YES;
				CLANG_WARN__DUPLICATE_METHOD_MATCH = YES;
				COPY_PHASE_STRIP = NO;
				DEBUG_INFORMATION_FORMAT = "dwarf-with-dsym";
				ENABLE_NS_ASSERTIONS = NO;
				ENABLE_STRICT_OBJC_MSGSEND = YES;
				GCC_C_LANGUAGE_STANDARD = gnu11;
				GCC_NO_COMMON_BLOCKS = YES;
				GCC_WARN_64_TO_32_BIT_CONVERSION = YES;
				GCC_WARN_ABOUT_RETURN_TYPE = YES_ERROR;
				GCC_WARN_UNDECLARED_SELECTOR = YES;
				GCC_WARN_UNINITIALIZED_AUTOS = YES_AGGRESSIVE;
				GCC_WARN_UNUSED_FUNCTION = YES;
				GCC_WARN_UNUSED_VARIABLE = YES;
				IPHONEOS_DEPLOYMENT_TARGET = 13.0;
				MTL_ENABLE_DEBUG_INFO = NO;
				MTL_FAST_MATH = YES;
				SDKROOT = iphoneos;
				SWIFT_COMPILATION_MODE = wholemodule;
				SWIFT_OPTIMIZATION_LEVEL = "-O";
				VALIDATE_PRODUCT = YES;
			};
			name = Release;
		};
		981A75A8235C18B300DDB4C6 /* Debug */ = {
			isa = XCBuildConfiguration;
			buildSettings = {
				ASSETCATALOG_COMPILER_APPICON_NAME = AppIcon;
				CODE_SIGN_STYLE = Automatic;
				DEVELOPMENT_ASSET_PATHS = "\"SwiftUIMVVM/Preview Content\"";
				DEVELOPMENT_TEAM = NUT7SFZWGF;
				ENABLE_PREVIEWS = YES;
				INFOPLIST_FILE = SwiftUIMVVM/Info.plist;
				LD_RUNPATH_SEARCH_PATHS = (
					"$(inherited)",
					"@executable_path/Frameworks",
				);
				PRODUCT_BUNDLE_IDENTIFIER = com.gandhi.SwiftUIMVVM;
				PRODUCT_NAME = "$(TARGET_NAME)";
				SWIFT_VERSION = 5.0;
				TARGETED_DEVICE_FAMILY = "1,2";
			};
			name = Debug;
		};
		981A75A9235C18B300DDB4C6 /* Release */ = {
			isa = XCBuildConfiguration;
			buildSettings = {
				ASSETCATALOG_COMPILER_APPICON_NAME = AppIcon;
				CODE_SIGN_STYLE = Automatic;
				DEVELOPMENT_ASSET_PATHS = "\"SwiftUIMVVM/Preview Content\"";
				DEVELOPMENT_TEAM = NUT7SFZWGF;
				ENABLE_PREVIEWS = YES;
				INFOPLIST_FILE = SwiftUIMVVM/Info.plist;
				LD_RUNPATH_SEARCH_PATHS = (
					"$(inherited)",
					"@executable_path/Frameworks",
				);
				PRODUCT_BUNDLE_IDENTIFIER = com.gandhi.SwiftUIMVVM;
				PRODUCT_NAME = "$(TARGET_NAME)";
				SWIFT_VERSION = 5.0;
				TARGETED_DEVICE_FAMILY = "1,2";
			};
			name = Release;
		};
/* End XCBuildConfiguration section */

/* Begin XCConfigurationList section */
		981A758E235C18B000DDB4C6 /* Build configuration list for PBXProject "SwiftUIMVVM" */ = {
			isa = XCConfigurationList;
			buildConfigurations = (
				981A75A5235C18B300DDB4C6 /* Debug */,
				981A75A6235C18B300DDB4C6 /* Release */,
			);
			defaultConfigurationIsVisible = 0;
			defaultConfigurationName = Release;
		};
		981A75A7235C18B300DDB4C6 /* Build configuration list for PBXNativeTarget "SwiftUIMVVM" */ = {
			isa = XCConfigurationList;
			buildConfigurations = (
				981A75A8235C18B300DDB4C6 /* Debug */,
				981A75A9235C18B300DDB4C6 /* Release */,
			);
			defaultConfigurationIsVisible = 0;
			defaultConfigurationName = Release;
		};
/* End XCConfigurationList section */

/* Begin XCRemoteSwiftPackageReference section */
		98692BEA2373A293004306ED /* XCRemoteSwiftPackageReference "keychain-swift" */ = {
			isa = XCRemoteSwiftPackageReference;
			repositoryURL = "https://github.com/evgenyneu/keychain-swift.git";
			requirement = {
				kind = upToNextMajorVersion;
				minimumVersion = 18.0.0;
			};
		};
/* End XCRemoteSwiftPackageReference section */

/* Begin XCSwiftPackageProductDependency section */
		98692BEB2373A293004306ED /* KeychainSwift */ = {
			isa = XCSwiftPackageProductDependency;
			package = 98692BEA2373A293004306ED /* XCRemoteSwiftPackageReference "keychain-swift" */;
			productName = KeychainSwift;
		};
/* End XCSwiftPackageProductDependency section */
	};
	rootObject = 981A758B235C18B000DDB4C6 /* Project object */;
}
